
Microsoft Visual Studio Solution File, Format Version 12.00
# Visual Studio Version 17
VisualStudioVersion = 17.3.32922.545
MinimumVisualStudioVersion = 10.0.40219.1
Project("{FAE04EC0-301F-11D3-BF4B-00C04F79EFBC}") = "Application", "Application.csproj", "{073D1AAB-416A-4460-A15B-240A4904553C}"
EndProject
Project("{FAE04EC0-301F-11D3-BF4B-00C04F79EFBC}") = "Data", "..\Data\Data.csproj", "{90B05012-5B3E-485A-9259-46E0258830E9}"
EndProject
Project("{9A19103F-16F7-4668-BE54-9A1E7A4F7556}") = "VisioConference.Data", "..\VisioConference.Data\VisioConference.Data.csproj", "{63F396CE-AC68-449A-B766-9896B2CF6D00}"
EndProject
Project("{9A19103F-16F7-4668-BE54-9A1E7A4F7556}") = "VisioConference.Test", "..\VisioConference.Test\VisioConference.Test.csproj", "{1624547C-6333-46C0-BA54-417A07EC015D}"
EndProject
Project("{9A19103F-16F7-4668-BE54-9A1E7A4F7556}") = "VisioConference.Main", "..\VisioConference.Main\VisioConference.Main.csproj", "{F64BC173-298F-4CD3-A361-8189DDE51247}"
EndProject
Global
	GlobalSection(SolutionConfigurationPlatforms) = preSolution
		Debug|Any CPU = Debug|Any CPU
		Release|Any CPU = Release|Any CPU
	EndGlobalSection
	GlobalSection(ProjectConfigurationPlatforms) = postSolution
		{073D1AAB-416A-4460-A15B-240A4904553C}.Debug|Any CPU.ActiveCfg = Debug|Any CPU
		{073D1AAB-416A-4460-A15B-240A4904553C}.Debug|Any CPU.Build.0 = Debug|Any CPU
		{073D1AAB-416A-4460-A15B-240A4904553C}.Release|Any CPU.ActiveCfg = Release|Any CPU
		{073D1AAB-416A-4460-A15B-240A4904553C}.Release|Any CPU.Build.0 = Release|Any CPU
		{90B05012-5B3E-485A-9259-46E0258830E9}.Debug|Any CPU.ActiveCfg = Debug|Any CPU
		{90B05012-5B3E-485A-9259-46E0258830E9}.Debug|Any CPU.Build.0 = Debug|Any CPU
		{90B05012-5B3E-485A-9259-46E0258830E9}.Release|Any CPU.ActiveCfg = Release|Any CPU
		{90B05012-5B3E-485A-9259-46E0258830E9}.Release|Any CPU.Build.0 = Release|Any CPU
		{63F396CE-AC68-449A-B766-9896B2CF6D00}.Debug|Any CPU.ActiveCfg = Debug|Any CPU
		{63F396CE-AC68-449A-B766-9896B2CF6D00}.Debug|Any CPU.Build.0 = Debug|Any CPU
		{63F396CE-AC68-449A-B766-9896B2CF6D00}.Release|Any CPU.ActiveCfg = Release|Any CPU
		{63F396CE-AC68-449A-B766-9896B2CF6D00}.Release|Any CPU.Build.0 = Release|Any CPU
		{1624547C-6333-46C0-BA54-417A07EC015D}.Debug|Any CPU.ActiveCfg = Debug|Any CPU
		{1624547C-6333-46C0-BA54-417A07EC015D}.Debug|Any CPU.Build.0 = Debug|Any CPU
		{1624547C-6333-46C0-BA54-417A07EC015D}.Release|Any CPU.ActiveCfg = Release|Any CPU
		{1624547C-6333-46C0-BA54-417A07EC015D}.Release|Any CPU.Build.0 = Release|Any CPU
		{F64BC173-298F-4CD3-A361-8189DDE51247}.Debug|Any CPU.ActiveCfg = Debug|Any CPU
		{F64BC173-298F-4CD3-A361-8189DDE51247}.Debug|Any CPU.Build.0 = Debug|Any CPU
		{F64BC173-298F-4CD3-A361-8189DDE51247}.Release|Any CPU.ActiveCfg = Release|Any CPU
		{F64BC173-298F-4CD3-A361-8189DDE51247}.Release|Any CPU.Build.0 = Release|Any CPU
	EndGlobalSection
	GlobalSection(SolutionProperties) = preSolution
		HideSolutionNode = FALSE
	EndGlobalSection
	GlobalSection(ExtensibilityGlobals) = postSolution
		SolutionGuid = {A5FF10FD-ECA9-4E82-A64F-966B1A094C63}
	EndGlobalSection
EndGlobal
